// !$*UTF8*$!
{
	archiveVersion = 1;
	classes = {
	};
	objectVersion = 50;
	objects = {

/* Begin PBXBuildFile section */
		31FEC3AE224263200029A866 /* AppDelegate.swift in Sources */ = {isa = PBXBuildFile; fileRef = 31FEC3AD224263200029A866 /* AppDelegate.swift */; };
		31FEC3B0224263200029A866 /* ViewController.swift in Sources */ = {isa = PBXBuildFile; fileRef = 31FEC3AF224263200029A866 /* ViewController.swift */; };
		31FEC3B3224263200029A866 /* Main.storyboard in Resources */ = {isa = PBXBuildFile; fileRef = 31FEC3B1224263200029A866 /* Main.storyboard */; };
		31FEC3B5224263230029A866 /* Assets.xcassets in Resources */ = {isa = PBXBuildFile; fileRef = 31FEC3B4224263230029A866 /* Assets.xcassets */; };
		31FEC3B8224263230029A866 /* LaunchScreen.storyboard in Resources */ = {isa = PBXBuildFile; fileRef = 31FEC3B6224263230029A866 /* LaunchScreen.storyboard */; };
		31FEC3C0224264440029A866 /* ExpandingTableViewCell.swift in Sources */ = {isa = PBXBuildFile; fileRef = 31FEC3BF224264430029A866 /* ExpandingTableViewCell.swift */; };
/* End PBXBuildFile section */

/* Begin PBXFileReference section */
		31FEC3AA224263200029A866 /* ExpandingTableSample.app */ = {isa = PBXFileReference; explicitFileType = wrapper.application; includeInIndex = 0; path = ExpandingTableSample.app; sourceTree = BUILT_PRODUCTS_DIR; };
		31FEC3AD224263200029A866 /* AppDelegate.swift */ = {isa = PBXFileReference; lastKnownFileType = sourcecode.swift; path = AppDelegate.swift; sourceTree = "<group>"; };
		31FEC3AF224263200029A866 /* ViewController.swift */ = {isa = PBXFileReference; lastKnownFileType = sourcecode.swift; path = ViewController.swift; sourceTree = "<group>"; };
		31FEC3B2224263200029A866 /* Base */ = {isa = PBXFileReference; lastKnownFileType = file.storyboard; name = Base; path = Base.lproj/Main.storyboard; sourceTree = "<group>"; };
		31FEC3B4224263230029A866 /* Assets.xcassets */ = {isa = PBXFileReference; lastKnownFileType = folder.assetcatalog; path = Assets.xcassets; sourceTree = "<group>"; };
		31FEC3B7224263230029A866 /* Base */ = {isa = PBXFileReference; lastKnownFileType = file.storyboard; name = Base; path = Base.lproj/LaunchScreen.storyboard; sourceTree = "<group>"; };
		31FEC3B9224263230029A866 /* Info.plist */ = {isa = PBXFileReference; lastKnownFileType = text.plist.xml; path = Info.plist; sourceTree = "<group>"; };
		31FEC3BF224264430029A866 /* ExpandingTableViewCell.swift */ = {isa = PBXFileReference; lastKnownFileType = sourcecode.swift; path = ExpandingTableViewCell.swift; sourceTree = "<group>"; };
/* End PBXFileReference section */

/* Begin PBXFrameworksBuildPhase section */
		31FEC3A7224263200029A866 /* Frameworks */ = {
			isa = PBXFrameworksBuildPhase;
			buildActionMask = 2147483647;
			files = (
			);
			runOnlyForDeploymentPostprocessing = 0;
		};
/* End PBXFrameworksBuildPhase section */

/* Begin PBXGroup section */
		31FEC3A1224263200029A866 = {
			isa = PBXGroup;
			children = (
				31FEC3AC224263200029A866 /* ExpandingTableSample */,
				31FEC3AB224263200029A866 /* Products */,
			);
			sourceTree = "<group>";
		};
		31FEC3AB224263200029A866 /* Products */ = {
			isa = PBXGroup;
			children = (
				31FEC3AA224263200029A866 /* ExpandingTableSample.app */,
			);
			name = Products;
			sourceTree = "<group>";
		};
		31FEC3AC224263200029A866 /* ExpandingTableSample */ = {
			isa = PBXGroup;
			children = (
				31FEC3AD224263200029A866 /* AppDelegate.swift */,
				31FEC3AF224263200029A866 /* ViewController.swift */,
				31FEC3BF224264430029A866 /* ExpandingTableViewCell.swift */,
				31FEC3B1224263200029A866 /* Main.storyboard */,
				31FEC3B4224263230029A866 /* Assets.xcassets */,
				31FEC3B6224263230029A866 /* LaunchScreen.storyboard */,
				31FEC3B9224263230029A866 /* Info.plist */,
			);
			path = ExpandingTableSample;
			sourceTree = "<group>";
		};
/* End PBXGroup section */

/* Begin PBXNativeTarget section */
		31FEC3A9224263200029A866 /* ExpandingTableSample */ = {
			isa = PBXNativeTarget;
			buildConfigurationList = 31FEC3BC224263230029A866 /* Build configuration list for PBXNativeTarget "ExpandingTableSample" */;
			buildPhases = (
				31FEC3A6224263200029A866 /* Sources */,
				31FEC3A7224263200029A866 /* Frameworks */,
				31FEC3A8224263200029A866 /* Resources */,
			);
			buildRules = (
			);
			dependencies = (
			);
			name = ExpandingTableSample;
			productName = ExpandingTableSample;
			productReference = 31FEC3AA224263200029A866 /* ExpandingTableSample.app */;
			productType = "com.apple.product-type.application";
		};
/* End PBXNativeTarget section */

/* Begin PBXProject section */
		31FEC3A2224263200029A866 /* Project object */ = {
			isa = PBXProject;
			attributes = {
				LastSwiftUpdateCheck = 1010;
				LastUpgradeCheck = 1010;
				ORGANIZATIONNAME = deskplate;
				TargetAttributes = {
					31FEC3A9224263200029A866 = {
						CreatedOnToolsVersion = 10.1;
					};
				};
			};
			buildConfigurationList = 31FEC3A5224263200029A866 /* Build configuration list for PBXProject "ExpandingTableSample" */;
			compatibilityVersion = "Xcode 9.3";
			developmentRegion = en;
			hasScannedForEncodings = 0;
			knownRegions = (
				en,
				Base,
			);
			mainGroup = 31FEC3A1224263200029A866;
			productRefGroup = 31FEC3AB224263200029A866 /* Products */;
			projectDirPath = "";
			projectRoot = "";
			targets = (
				31FEC3A9224263200029A866 /* ExpandingTableSample */,
			);
		};
/* End PBXProject section */

/* Begin PBXResourcesBuildPhase section */
		31FEC3A8224263200029A866 /* Resources */ = {
			isa = PBXResourcesBuildPhase;
			buildActionMask = 2147483647;
			files = (
				31FEC3B8224263230029A866 /* LaunchScreen.storyboard in Resources */,
				31FEC3B5224263230029A866 /* Assets.xcassets in Resources */,
				31FEC3B3224263200029A866 /* Main.storyboard in Resources */,
			);
			runOnlyForDeploymentPostprocessing = 0;
		};
/* End PBXResourcesBuildPhase section */

/* Begin PBXSourcesBuildPhase section */
		31FEC3A6224263200029A866 /* Sources */ = {
			isa = PBXSourcesBuildPhase;
			buildActionMask = 2147483647;
			files = (
				31FEC3B0224263200029A866 /* ViewController.swift in Sources */,
				31FEC3AE224263200029A866 /* AppDelegate.swift in Sources */,
				31FEC3C0224264440029A866 /* ExpandingTableViewCell.swift in Sources */,
			);
			runOnlyForDeploymentPostprocessing = 0;
		};
/* End PBXSourcesBuildPhase section */

/* Begin PBXVariantGroup section */
		31FEC3B1224263200029A866 /* Main.storyboard */ = {
			isa = PBXVariantGroup;
			children = (
				31FEC3B2224263200029A866 /* Base */,
			);
			name = Main.storyboard;
			sourceTree = "<group>";
		};
		31FEC3B6224263230029A866 /* LaunchScreen.storyboard */ = {
			isa = PBXVariantGroup;
			children = (
				31FEC3B7224263230029A866 /* Base */,
			);
			name = LaunchScreen.storyboard;
			sourceTree = "<group>";
		};
/* End PBXVariantGroup section */

/* Begin XCBuildConfiguration section */
		31FEC3BA224263230029A866 /* Debug */ = {
			isa = XCBuildConfiguration;
			buildSettings = {
				ALWAYS_SEARCH_USER_PATHS = NO;
				CLANG_ANALYZER_NONNULL = YES;
				CLANG_ANALYZER_NUMBER_OBJECT_CONVERSION = YES_AGGRESSIVE;
				CLANG_CXX_LANGUAGE_STANDARD = "gnu++14";
				CLANG_CXX_LIBRARY = "libc++";
				CLANG_ENABLE_MODULES = YES;
				CLANG_ENABLE_OBJC_ARC = YES;
				CLANG_ENABLE_OBJC_WEAK = YES;
				CLANG_WARN_BLOCK_CAPTURE_AUTORELEASING = YES;
				CLANG_WARN_BOOL_CONVERSION = YES;
				CLANG_WARN_COMMA = YES;
				CLANG_WARN_CONSTANT_CONVERSION = YES;
				CLANG_WARN_DEPRECATED_OBJC_IMPLEMENTATIONS = YES;
				CLANG_WARN_DIRECT_OBJC_ISA_USAGE = YES_ERROR;
				CLANG_WARN_DOCUMENTATION_COMMENTS = YES;
				CLANG_WARN_EMPTY_BODY = YES;
				CLANG_WARN_ENUM_CONVERSION = YES;
				CLANG_WARN_INFINITE_RECURSION = YES;
				CLANG_WARN_INT_CONVERSION = YES;
				CLANG_WARN_NON_LITERAL_NULL_CONVERSION = YES;
				CLANG_WARN_OBJC_IMPLICIT_RETAIN_SELF = YES;
				CLANG_WARN_OBJC_LITERAL_CONVERSION = YES;
				CLANG_WARN_OBJC_ROOT_CLASS = YES_ERROR;
				CLANG_WARN_RANGE_LOOP_ANALYSIS = YES;
				CLANG_WARN_STRICT_PROTOTYPES = YES;
				CLANG_WARN_SUSPICIOUS_MOVE = YES;
				CLANG_WARN_UNGUARDED_AVAILABILITY = YES_AGGRESSIVE;
				CLANG_WARN_UNREACHABLE_CODE = YES;
				CLANG_WARN__DUPLICATE_METHOD_MATCH = YES;
				CODE_SIGN_IDENTITY = "iPhone Developer";
				COPY_PHASE_STRIP = NO;
				DEBUG_INFORMATION_FORMAT = dwarf;
				ENABLE_STRICT_OBJC_MSGSEND = YES;
				ENABLE_TESTABILITY = YES;
				GCC_C_LANGUAGE_STANDARD = gnu11;
				GCC_DYNAMIC_NO_PIC = NO;
				GCC_NO_COMMON_BLOCKS = YES;
				GCC_OPTIMIZATION_LEVEL = 0;
				GCC_PREPROCESSOR_DEFINITIONS = (
					"DEBUG=1",
					"$(inherited)",
				);
				GCC_WARN_64_TO_32_BIT_CONVERSION = YES;
				GCC_WARN_ABOUT_RETURN_TYPE = YES_ERROR;
				GCC_WARN_UNDECLARED_SELECTOR = YES;
				GCC_WARN_UNINITIALIZED_AUTOS = YES_AGGRESSIVE;
				GCC_WARN_UNUSED_FUNCTION = YES;
				GCC_WARN_UNUSED_VARIABLE = YES;
				IPHONEOS_DEPLOYMENT_TARGET = 12.1;
				MTL_ENABLE_DEBUG_INFO = INCLUDE_SOURCE;
				MTL_FAST_MATH = YES;
				ONLY_ACTIVE_ARCH = YES;
				SDKROOT = iphoneos;
				SWIFT_ACTIVE_COMPILATION_CONDITIONS = DEBUG;
				SWIFT_OPTIMIZATION_LEVEL = "-Onone";
			};
			name = Debug;
		};
		31FEC3BB224263230029A866 /* Release */ = {
			isa = XCBuildConfiguration;
			buildSettings = {
				ALWAYS_SEARCH_USER_PATHS = NO;
				CLANG_ANALYZER_NONNULL = YES;
				CLANG_ANALYZER_NUMBER_OBJECT_CONVERSION = YES_AGGRESSIVE;
				CLANG_CXX_LANGUAGE_STANDARD = "gnu++14";
				CLANG_CXX_LIBRARY = "libc++";
				CLANG_ENABLE_MODULES = YES;
				CLANG_ENABLE_OBJC_ARC = YES;
				CLANG_ENABLE_OBJC_WEAK = YES;
				CLANG_WARN_BLOCK_CAPTURE_AUTORELEASING = YES;
				CLANG_WARN_BOOL_CONVERSION = YES;
				CLANG_WARN_COMMA = YES;
				CLANG_WARN_CONSTANT_CONVERSION = YES;
				CLANG_WARN_DEPRECATED_OBJC_IMPLEMENTATIONS = YES;
				CLANG_WARN_DIRECT_OBJC_ISA_USAGE = YES_ERROR;
				CLANG_WARN_DOCUMENTATION_COMMENTS = YES;
				CLANG_WARN_EMPTY_BODY = YES;
				CLANG_WARN_ENUM_CONVERSION = YES;
				CLANG_WARN_INFINITE_RECURSION = YES;
				CLANG_WARN_INT_CONVERSION = YES;
				CLANG_WARN_NON_LITERAL_NULL_CONVERSION = YES;
				CLANG_WARN_OBJC_IMPLICIT_RETAIN_SELF = YES;
				CLANG_WARN_OBJC_LITERAL_CONVERSION = YES;
				CLANG_WARN_OBJC_ROOT_CLASS = YES_ERROR;
				CLANG_WARN_RANGE_LOOP_ANALYSIS = YES;
				CLANG_WARN_STRICT_PROTOTYPES = YES;
				CLANG_WARN_SUSPICIOUS_MOVE = YES;
				CLANG_WARN_UNGUARDED_AVAILABILITY = YES_AGGRESSIVE;
				CLANG_WARN_UNREACHABLE_CODE = YES;
				CLANG_WARN__DUPLICATE_METHOD_MATCH = YES;
				CODE_SIGN_IDENTITY = "iPhone Developer";
				COPY_PHASE_STRIP = NO;
				DEBUG_INFORMATION_FORMAT = "dwarf-with-dsym";
				ENABLE_NS_ASSERTIONS = NO;
				ENABLE_STRICT_OBJC_MSGSEND = YES;
				GCC_C_LANGUAGE_STANDARD = gnu11;
				GCC_NO_COMMON_BLOCKS = YES;
				GCC_WARN_64_TO_32_BIT_CONVERSION = YES;
				GCC_WARN_ABOUT_RETURN_TYPE = YES_ERROR;
				GCC_WARN_UNDECLARED_SELECTOR = YES;
				GCC_WARN_UNINITIALIZED_AUTOS = YES_AGGRESSIVE;
				GCC_WARN_UNUSED_FUNCTION = YES;
				GCC_WARN_UNUSED_VARIABLE = YES;
				IPHONEOS_DEPLOYMENT_TARGET = 12.1;
				MTL_ENABLE_DEBUG_INFO = NO;
				MTL_FAST_MATH = YES;
				SDKROOT = iphoneos;
				SWIFT_COMPILATION_MODE = wholemodule;
				SWIFT_OPTIMIZATION_LEVEL = "-O";
				VALIDATE_PRODUCT = YES;
			};
			name = Release;
		};
		31FEC3BD224263230029A866 /* Debug */ = {
			isa = XCBuildConfiguration;
			buildSettings = {
				ASSETCATALOG_COMPILER_APPICON_NAME = AppIcon;
				CODE_SIGN_STYLE = Automatic;
				INFOPLIST_FILE = ExpandingTableSample/Info.plist;
				LD_RUNPATH_SEARCH_PATHS = (
					"$(inherited)",
					"@executable_path/Frameworks",
				);
				PRODUCT_BUNDLE_IDENTIFIER = net.deskplate.ExpandingTableSample;
				PRODUCT_NAME = "$(TARGET_NAME)";
				SWIFT_VERSION = 4.2;
				TARGETED_DEVICE_FAMILY = "1,2";
			};
			name = Debug;
		};
		31FEC3BE224263230029A866 /* Release */ = {
			isa = XCBuildConfiguration;
			buildSettings = {
				ASSETCATALOG_COMPILER_APPICON_NAME = AppIcon;
				CODE_SIGN_STYLE = Automatic;
				INFOPLIST_FILE = ExpandingTableSample/Info.plist;
				LD_RUNPATH_SEARCH_PATHS = (
					"$(inherited)",
					"@executable_path/Frameworks",
				);
				PRODUCT_BUNDLE_IDENTIFIER = net.deskplate.ExpandingTableSample;
				PRODUCT_NAME = "$(TARGET_NAME)";
				SWIFT_VERSION = 4.2;
				TARGETED_DEVICE_FAMILY = "1,2";
			};
			name = Release;
		};
/* End XCBuildConfiguration section */

/* Begin XCConfigurationList section */
		31FEC3A5224263200029A866 /* Build configuration list for PBXProject "ExpandingTableSample" */ = {
			isa = XCConfigurationList;
			buildConfigurations = (
				31FEC3BA224263230029A866 /* Debug */,
				31FEC3BB224263230029A866 /* Release */,
			);
			defaultConfigurationIsVisible = 0;
			defaultConfigurationName = Release;
		};
		31FEC3BC224263230029A866 /* Build configuration list for PBXNativeTarget "ExpandingTableSample" */ = {
			isa = XCConfigurationList;
			buildConfigurations = (
				31FEC3BD224263230029A866 /* Debug */,
				31FEC3BE224263230029A866 /* Release */,
			);
			defaultConfigurationIsVisible = 0;
			defaultConfigurationName = Release;
		};
/* End XCConfigurationList section */
	};
	rootObject = 31FEC3A2224263200029A866 /* Project object */;
}
